
Microsoft Visual Studio Solution File, Format Version 12.00
# Visual Studio Version 16
VisualStudioVersion = 16.0.810.17
MinimumVisualStudioVersion = 10.0.40219.1
Project("{FAE04EC0-301F-11D3-BF4B-00C04F79EFBC}") = "CLassSelenium", "CLassSelenium.csproj", "{FD4F725E-7C87-4DFB-8D78-30AB1B9CE5C5}"
EndProject
Global
	GlobalSection(SolutionConfigurationPlatforms) = preSolution
		Debug|Any CPU = Debug|Any CPU
		Release|Any CPU = Release|Any CPU
	EndGlobalSection
	GlobalSection(ProjectConfigurationPlatforms) = postSolution
		{FD4F725E-7C87-4DFB-8D78-30AB1B9CE5C5}.Debug|Any CPU.ActiveCfg = Debug|Any CPU
		{FD4F725E-7C87-4DFB-8D78-30AB1B9CE5C5}.Debug|Any CPU.Build.0 = Debug|Any CPU
		{FD4F725E-7C87-4DFB-8D78-30AB1B9CE5C5}.Release|Any CPU.ActiveCfg = Release|Any CPU
		{FD4F725E-7C87-4DFB-8D78-30AB1B9CE5C5}.Release|Any CPU.Build.0 = Release|Any CPU
	EndGlobalSection
	GlobalSection(SolutionProperties) = preSolution
		HideSolutionNode = FALSE
	EndGlobalSection
	GlobalSection(ExtensibilityGlobals) = postSolution
		SolutionGuid = {10B1E846-A0CF-4C47-A3A2-9C319B62D1C8}
	EndGlobalSection
EndGlobal
